
Microsoft Visual Studio Solution File, Format Version 12.00
# Visual Studio Version 17
VisualStudioVersion = 17.4.33122.133
MinimumVisualStudioVersion = 10.0.40219.1
Project("{9A19103F-16F7-4668-BE54-9A1E7A4F7556}") = "MHServerEmu", "src\MHServerEmu\MHServerEmu.csproj", "{F7898A66-82D6-45C2-A20A-E4C390567C39}"
EndProject
Project("{9A19103F-16F7-4668-BE54-9A1E7A4F7556}") = "Gazillion", "src\Gazillion\Gazillion.csproj", "{7D085437-F307-49D6-AF7A-C3B3DF4E4189}"
EndProject
Project("{9A19103F-16F7-4668-BE54-9A1E7A4F7556}") = "MHServerEmu.Core", "src\MHServerEmu.Core\MHServerEmu.Core.csproj", "{667BA21C-0E76-450A-9854-93D0C4C3D79E}"
EndProject
Project("{9A19103F-16F7-4668-BE54-9A1E7A4F7556}") = "MHServerEmu.DatabaseAccess", "src\MHServerEmu.DatabaseAccess\MHServerEmu.DatabaseAccess.csproj", "{061FEB4A-A747-4BEF-B6DC-9C72523E2857}"
EndProject
Project("{9A19103F-16F7-4668-BE54-9A1E7A4F7556}") = "MHServerEmu.Frontend", "src\MHServerEmu.Frontend\MHServerEmu.Frontend.csproj", "{3BEDD9D8-9E21-4515-A7EC-F23CE177C453}"
EndProject
Project("{9A19103F-16F7-4668-BE54-9A1E7A4F7556}") = "MHServerEmu.Games", "src\MHServerEmu.Games\MHServerEmu.Games.csproj", "{A4C4E89A-D54B-4C48-B200-23B88589A140}"
EndProject
Project("{9A19103F-16F7-4668-BE54-9A1E7A4F7556}") = "MHServerEmu.PlayerManagement", "src\MHServerEmu.PlayerManagement\MHServerEmu.PlayerManagement.csproj", "{33518D5D-07A0-4D08-9013-6CF873CC925B}"
EndProject
Project("{9A19103F-16F7-4668-BE54-9A1E7A4F7556}") = "MHServerEmu.WebFrontend", "src\MHServerEmu.WebFrontend\MHServerEmu.WebFrontend.csproj", "{4302339A-9C4B-47A9-8C26-F0DC66EA08F7}"
EndProject
Project("{9A19103F-16F7-4668-BE54-9A1E7A4F7556}") = "MHServerEmu.Leaderboards", "src\MHServerEmu.Leaderboards\MHServerEmu.Leaderboards.csproj", "{2C74480B-B373-4DFD-9C9C-E652E889E9C1}"
EndProject
Project("{9A19103F-16F7-4668-BE54-9A1E7A4F7556}") = "MHServerEmu.Grouping", "src\MHServerEmu.Grouping\MHServerEmu.Grouping.csproj", "{75020CEA-FA28-4D62-A39B-F6A0E06CA640}"
EndProject
Project("{9A19103F-16F7-4668-BE54-9A1E7A4F7556}") = "MHServerEmu.Core.Tests", "src\MHServerEmu.Core.Tests\MHServerEmu.Core.Tests.csproj", "{E650FD2B-D145-43FE-B3A5-4E03E986DED4}"
EndProject
Project("{FAE04EC0-301F-11D3-BF4B-00C04F79EFBC}") = "MHServerEmu.Games.Tests", "src\MHServerEmu.Games.Tests\MHServerEmu.Games.Tests.csproj", "{3921B039-7911-49D4-9AE2-727168015157}"
EndProject
Global
	GlobalSection(SolutionConfigurationPlatforms) = preSolution
		Debug|x64 = Debug|x64
		Release|x64 = Release|x64
	EndGlobalSection
	GlobalSection(ProjectConfigurationPlatforms) = postSolution
		{F7898A66-82D6-45C2-A20A-E4C390567C39}.Debug|x64.ActiveCfg = Debug|x64
		{F7898A66-82D6-45C2-A20A-E4C390567C39}.Debug|x64.Build.0 = Debug|x64
		{F7898A66-82D6-45C2-A20A-E4C390567C39}.Release|x64.ActiveCfg = Release|x64
		{F7898A66-82D6-45C2-A20A-E4C390567C39}.Release|x64.Build.0 = Release|x64
		{7D085437-F307-49D6-AF7A-C3B3DF4E4189}.Debug|x64.ActiveCfg = Debug|x64
		{7D085437-F307-49D6-AF7A-C3B3DF4E4189}.Debug|x64.Build.0 = Debug|x64
		{7D085437-F307-49D6-AF7A-C3B3DF4E4189}.Release|x64.ActiveCfg = Release|x64
		{7D085437-F307-49D6-AF7A-C3B3DF4E4189}.Release|x64.Build.0 = Release|x64
		{667BA21C-0E76-450A-9854-93D0C4C3D79E}.Debug|x64.ActiveCfg = Debug|x64
		{667BA21C-0E76-450A-9854-93D0C4C3D79E}.Debug|x64.Build.0 = Debug|x64
		{667BA21C-0E76-450A-9854-93D0C4C3D79E}.Release|x64.ActiveCfg = Release|x64
		{667BA21C-0E76-450A-9854-93D0C4C3D79E}.Release|x64.Build.0 = Release|x64
		{061FEB4A-A747-4BEF-B6DC-9C72523E2857}.Debug|x64.ActiveCfg = Debug|x64
		{061FEB4A-A747-4BEF-B6DC-9C72523E2857}.Debug|x64.Build.0 = Debug|x64
		{061FEB4A-A747-4BEF-B6DC-9C72523E2857}.Release|x64.ActiveCfg = Release|x64
		{061FEB4A-A747-4BEF-B6DC-9C72523E2857}.Release|x64.Build.0 = Release|x64
		{3BEDD9D8-9E21-4515-A7EC-F23CE177C453}.Debug|x64.ActiveCfg = Debug|x64
		{3BEDD9D8-9E21-4515-A7EC-F23CE177C453}.Debug|x64.Build.0 = Debug|x64
		{3BEDD9D8-9E21-4515-A7EC-F23CE177C453}.Release|x64.ActiveCfg = Release|x64
		{3BEDD9D8-9E21-4515-A7EC-F23CE177C453}.Release|x64.Build.0 = Release|x64
		{A4C4E89A-D54B-4C48-B200-23B88589A140}.Debug|x64.ActiveCfg = Debug|x64
		{A4C4E89A-D54B-4C48-B200-23B88589A140}.Debug|x64.Build.0 = Debug|x64
		{A4C4E89A-D54B-4C48-B200-23B88589A140}.Release|x64.ActiveCfg = Release|x64
		{A4C4E89A-D54B-4C48-B200-23B88589A140}.Release|x64.Build.0 = Release|x64
		{33518D5D-07A0-4D08-9013-6CF873CC925B}.Debug|x64.ActiveCfg = Debug|x64
		{33518D5D-07A0-4D08-9013-6CF873CC925B}.Debug|x64.Build.0 = Debug|x64
		{33518D5D-07A0-4D08-9013-6CF873CC925B}.Release|x64.ActiveCfg = Release|x64
		{33518D5D-07A0-4D08-9013-6CF873CC925B}.Release|x64.Build.0 = Release|x64
		{4302339A-9C4B-47A9-8C26-F0DC66EA08F7}.Debug|x64.ActiveCfg = Debug|x64
		{4302339A-9C4B-47A9-8C26-F0DC66EA08F7}.Debug|x64.Build.0 = Debug|x64
		{4302339A-9C4B-47A9-8C26-F0DC66EA08F7}.Release|x64.ActiveCfg = Release|x64
		{4302339A-9C4B-47A9-8C26-F0DC66EA08F7}.Release|x64.Build.0 = Release|x64
		{2C74480B-B373-4DFD-9C9C-E652E889E9C1}.Debug|x64.ActiveCfg = Debug|x64
		{2C74480B-B373-4DFD-9C9C-E652E889E9C1}.Debug|x64.Build.0 = Debug|x64
		{2C74480B-B373-4DFD-9C9C-E652E889E9C1}.Release|x64.ActiveCfg = Release|x64
		{2C74480B-B373-4DFD-9C9C-E652E889E9C1}.Release|x64.Build.0 = Release|x64
		{75020CEA-FA28-4D62-A39B-F6A0E06CA640}.Debug|x64.ActiveCfg = Debug|x64
		{75020CEA-FA28-4D62-A39B-F6A0E06CA640}.Debug|x64.Build.0 = Debug|x64
		{75020CEA-FA28-4D62-A39B-F6A0E06CA640}.Release|x64.ActiveCfg = Release|x64
		{75020CEA-FA28-4D62-A39B-F6A0E06CA640}.Release|x64.Build.0 = Release|x64
		{E650FD2B-D145-43FE-B3A5-4E03E986DED4}.Debug|x64.ActiveCfg = Debug|x64
		{E650FD2B-D145-43FE-B3A5-4E03E986DED4}.Debug|x64.Build.0 = Debug|x64
		{E650FD2B-D145-43FE-B3A5-4E03E986DED4}.Release|x64.ActiveCfg = Release|x64
		{E650FD2B-D145-43FE-B3A5-4E03E986DED4}.Release|x64.Build.0 = Release|x64
		{3921B039-7911-49D4-9AE2-727168015157}.Debug|x64.ActiveCfg = Debug|x64
		{3921B039-7911-49D4-9AE2-727168015157}.Debug|x64.Build.0 = Debug|x64
		{3921B039-7911-49D4-9AE2-727168015157}.Release|x64.ActiveCfg = Release|x64
		{3921B039-7911-49D4-9AE2-727168015157}.Release|x64.Build.0 = Release|x64
	EndGlobalSection
	GlobalSection(SolutionProperties) = preSolution
		HideSolutionNode = FALSE
	EndGlobalSection
	GlobalSection(ExtensibilityGlobals) = postSolution
		SolutionGuid = {32E9F67B-DFB8-4F7F-9C2D-88DADB5FCB19}
	EndGlobalSection
EndGlobal
