
Microsoft Visual Studio Solution File, Format Version 12.00
# Visual Studio Version 17
VisualStudioVersion = 17.8.34316.72
MinimumVisualStudioVersion = 10.0.40219.1
Project("{9A19103F-16F7-4668-BE54-9A1E7A4F7556}") = "MHExecutableAnalyzer", "src\Tools\MHExecutableAnalyzer\MHExecutableAnalyzer.csproj", "{F2A52386-D324-40C5-910B-970908C1349E}"
EndProject
Project("{9A19103F-16F7-4668-BE54-9A1E7A4F7556}") = "MHPakTool", "src\Tools\MHPakTool\MHPakTool.csproj", "{8B76417F-BE52-45B6-B167-0DD8EEF60956}"
EndProject
Project("{9A19103F-16F7-4668-BE54-9A1E7A4F7556}") = "SetupSorcererSupreme", "src\Tools\SetupSorcererSupreme\SetupSorcererSupreme.csproj", "{4AC87CB1-2C39-4C68-B64D-C61D99FA87C3}"
EndProject
Global
	GlobalSection(SolutionConfigurationPlatforms) = preSolution
		Debug|Any CPU = Debug|Any CPU
		Release|Any CPU = Release|Any CPU
	EndGlobalSection
	GlobalSection(ProjectConfigurationPlatforms) = postSolution
		{F2A52386-D324-40C5-910B-970908C1349E}.Debug|Any CPU.ActiveCfg = Debug|Any CPU
		{F2A52386-D324-40C5-910B-970908C1349E}.Debug|Any CPU.Build.0 = Debug|Any CPU
		{F2A52386-D324-40C5-910B-970908C1349E}.Release|Any CPU.ActiveCfg = Release|Any CPU
		{F2A52386-D324-40C5-910B-970908C1349E}.Release|Any CPU.Build.0 = Release|Any CPU
		{8B76417F-BE52-45B6-B167-0DD8EEF60956}.Debug|Any CPU.ActiveCfg = Debug|Any CPU
		{8B76417F-BE52-45B6-B167-0DD8EEF60956}.Debug|Any CPU.Build.0 = Debug|Any CPU
		{8B76417F-BE52-45B6-B167-0DD8EEF60956}.Release|Any CPU.ActiveCfg = Release|Any CPU
		{8B76417F-BE52-45B6-B167-0DD8EEF60956}.Release|Any CPU.Build.0 = Release|Any CPU
		{4AC87CB1-2C39-4C68-B64D-C61D99FA87C3}.Debug|Any CPU.ActiveCfg = Debug|Any CPU
		{4AC87CB1-2C39-4C68-B64D-C61D99FA87C3}.Debug|Any CPU.Build.0 = Debug|Any CPU
		{4AC87CB1-2C39-4C68-B64D-C61D99FA87C3}.Release|Any CPU.ActiveCfg = Release|Any CPU
		{4AC87CB1-2C39-4C68-B64D-C61D99FA87C3}.Release|Any CPU.Build.0 = Release|Any CPU
	EndGlobalSection
	GlobalSection(SolutionProperties) = preSolution
		HideSolutionNode = FALSE
	EndGlobalSection
	GlobalSection(ExtensibilityGlobals) = postSolution
		SolutionGuid = {2DD157CE-7454-46E4-AFD5-3F1848CDA7AA}
	EndGlobalSection
EndGlobal
